
Microsoft Visual Studio Solution File, Format Version 12.00
# Visual Studio 2012
Project("{FAE04EC0-301F-11D3-BF4B-00C04F79EFBC}") = "Common", "src\Common\Common.csproj", "{DF76C641-09B9-4702-8A8F-C23759C02A9D}"
EndProject
Project("{FAE04EC0-301F-11D3-BF4B-00C04F79EFBC}") = "Common.Test", "test\Common.Test\Common.Test.csproj", "{8FB746AC-F44C-47F0-8804-401A6D9361CF}"
EndProject
Project("{2150E333-8FDC-42A3-9474-1A3956D46DE8}") = "src", "src", "{3A858775-DD8F-48E0-8E8C-9FF24479DAD7}"
EndProject
Project("{2150E333-8FDC-42A3-9474-1A3956D46DE8}") = "test", "test", "{A0FCA299-FC35-4F90-B836-1850A96BB7AA}"
EndProject
Project("{2150E333-8FDC-42A3-9474-1A3956D46DE8}") = ".nuget", ".nuget", "{29A969E1-3282-42FE-BCF3-D6BB8ABC0B3E}"
	ProjectSection(SolutionItems) = preProject
		.nuget\NuGet.Config = .nuget\NuGet.Config
		.nuget\NuGet.exe = .nuget\NuGet.exe
		.nuget\NuGet.targets = .nuget\NuGet.targets
	EndProjectSection
EndProject
Global
	GlobalSection(SolutionConfigurationPlatforms) = preSolution
		Debug|Any CPU = Debug|Any CPU
		Release|Any CPU = Release|Any CPU
	EndGlobalSection
	GlobalSection(ProjectConfigurationPlatforms) = postSolution
		{DF76C641-09B9-4702-8A8F-C23759C02A9D}.Debug|Any CPU.ActiveCfg = Debug|Any CPU
		{DF76C641-09B9-4702-8A8F-C23759C02A9D}.Debug|Any CPU.Build.0 = Debug|Any CPU
		{DF76C641-09B9-4702-8A8F-C23759C02A9D}.Release|Any CPU.ActiveCfg = Release|Any CPU
		{DF76C641-09B9-4702-8A8F-C23759C02A9D}.Release|Any CPU.Build.0 = Release|Any CPU
		{8FB746AC-F44C-47F0-8804-401A6D9361CF}.Debug|Any CPU.ActiveCfg = Debug|Any CPU
		{8FB746AC-F44C-47F0-8804-401A6D9361CF}.Debug|Any CPU.Build.0 = Debug|Any CPU
		{8FB746AC-F44C-47F0-8804-401A6D9361CF}.Release|Any CPU.ActiveCfg = Release|Any CPU
		{8FB746AC-F44C-47F0-8804-401A6D9361CF}.Release|Any CPU.Build.0 = Release|Any CPU
	EndGlobalSection
	GlobalSection(SolutionProperties) = preSolution
		HideSolutionNode = FALSE
	EndGlobalSection
	GlobalSection(NestedProjects) = preSolution
		{DF76C641-09B9-4702-8A8F-C23759C02A9D} = {3A858775-DD8F-48E0-8E8C-9FF24479DAD7}
		{8FB746AC-F44C-47F0-8804-401A6D9361CF} = {A0FCA299-FC35-4F90-B836-1850A96BB7AA}
	EndGlobalSection
EndGlobal
